
Microsoft Visual Studio Solution File, Format Version 12.00
# Visual Studio Version 16
VisualStudioVersion = 16.0.29230.47
MinimumVisualStudioVersion = 10.0.40219.1
Project("{FAE04EC0-301F-11D3-BF4B-00C04F79EFBC}") = "NeteaseCloudMusic.Wpf", "NeteaseCloudMusic.Wpf\NeteaseCloudMusic.Wpf.csproj", "{29AE5BCD-3724-4FC3-B5B3-7BBF02CAB958}"
EndProject
Global
	GlobalSection(SolutionConfigurationPlatforms) = preSolution
		Debug|Any CPU = Debug|Any CPU
		Release|Any CPU = Release|Any CPU
	EndGlobalSection
	GlobalSection(ProjectConfigurationPlatforms) = postSolution
		{29AE5BCD-3724-4FC3-B5B3-7BBF02CAB958}.Debug|Any CPU.ActiveCfg = Debug|Any CPU
		{29AE5BCD-3724-4FC3-B5B3-7BBF02CAB958}.Debug|Any CPU.Build.0 = Debug|Any CPU
		{29AE5BCD-3724-4FC3-B5B3-7BBF02CAB958}.Release|Any CPU.ActiveCfg = Release|Any CPU
		{29AE5BCD-3724-4FC3-B5B3-7BBF02CAB958}.Release|Any CPU.Build.0 = Release|Any CPU
	EndGlobalSection
	GlobalSection(SolutionProperties) = preSolution
		HideSolutionNode = FALSE
	EndGlobalSection
	GlobalSection(ExtensibilityGlobals) = postSolution
		SolutionGuid = {EA3A0C0D-93BD-461F-89DD-46EC66609CBB}
	EndGlobalSection
EndGlobal
